
Microsoft Visual Studio Solution File, Format Version 12.00
# Visual Studio Version 16
VisualStudioVersion = 25.0.1700.0
MinimumVisualStudioVersion = 10.0.40219.1
Project("{FAE04EC0-301F-11D3-BF4B-00C04F79EFBC}") = "ConsoleUI", "ConsoleUI\ConsoleUI.csproj", "{C8CCE201-1A8F-4507-8A4E-E5F6A8C347B0}"
EndProject
Project("{FAE04EC0-301F-11D3-BF4B-00C04F79EFBC}") = "BrownfieldLibrary", "BrownfieldLibrairy\BrownfieldLibrary.csproj", "{C0FA48D5-E8E5-497D-9A01-E5F1070EF934}"
EndProject
Global
	GlobalSection(SolutionConfigurationPlatforms) = preSolution
		Debug|Any CPU = Debug|Any CPU
		Release|Any CPU = Release|Any CPU
	EndGlobalSection
	GlobalSection(ProjectConfigurationPlatforms) = postSolution
		{C8CCE201-1A8F-4507-8A4E-E5F6A8C347B0}.Debug|Any CPU.ActiveCfg = Debug|Any CPU
		{C8CCE201-1A8F-4507-8A4E-E5F6A8C347B0}.Debug|Any CPU.Build.0 = Debug|Any CPU
		{C8CCE201-1A8F-4507-8A4E-E5F6A8C347B0}.Release|Any CPU.ActiveCfg = Release|Any CPU
		{C8CCE201-1A8F-4507-8A4E-E5F6A8C347B0}.Release|Any CPU.Build.0 = Release|Any CPU
		{C0FA48D5-E8E5-497D-9A01-E5F1070EF934}.Debug|Any CPU.ActiveCfg = Debug|Any CPU
		{C0FA48D5-E8E5-497D-9A01-E5F1070EF934}.Debug|Any CPU.Build.0 = Debug|Any CPU
		{C0FA48D5-E8E5-497D-9A01-E5F1070EF934}.Release|Any CPU.ActiveCfg = Release|Any CPU
		{C0FA48D5-E8E5-497D-9A01-E5F1070EF934}.Release|Any CPU.Build.0 = Release|Any CPU
	EndGlobalSection
	GlobalSection(SolutionProperties) = preSolution
		HideSolutionNode = FALSE
	EndGlobalSection
	GlobalSection(ExtensibilityGlobals) = postSolution
		SolutionGuid = {B16FC8B1-199E-4FB8-ACB9-F6041331B5D5}
	EndGlobalSection
EndGlobal
